
Microsoft Visual Studio Solution File, Format Version 12.00
# Visual Studio Version 17
VisualStudioVersion = 17.4.33205.214
MinimumVisualStudioVersion = 10.0.40219.1
Project("{9A19103F-16F7-4668-BE54-9A1E7A4F7556}") = "Friducation.Devops.App", "Friducation.Devops.App\Friducation.Devops.App.csproj", "{BEB4E906-CA09-4F7F-A2D8-8C04E3403C37}"
EndProject
Project("{FAE04EC0-301F-11D3-BF4B-00C04F79EFBC}") = "Friducation.DevOps.Shared", "Friducation.DevOps.Shared\Friducation.DevOps.Shared.csproj", "{49B1B8A2-0E5E-4648-9601-8D44595D1F55}"
EndProject
Project("{FAE04EC0-301F-11D3-BF4B-00C04F79EFBC}") = "Friducation.DevOps.Tests", "Friducation.DevOps.Tests\Friducation.DevOps.Tests.csproj", "{2C75E41B-ECBA-4DB4-94CB-77A95A597BB0}"
EndProject
Global
	GlobalSection(SolutionConfigurationPlatforms) = preSolution
		Debug|Any CPU = Debug|Any CPU
		Release|Any CPU = Release|Any CPU
	EndGlobalSection
	GlobalSection(ProjectConfigurationPlatforms) = postSolution
		{BEB4E906-CA09-4F7F-A2D8-8C04E3403C37}.Debug|Any CPU.ActiveCfg = Debug|Any CPU
		{BEB4E906-CA09-4F7F-A2D8-8C04E3403C37}.Debug|Any CPU.Build.0 = Debug|Any CPU
		{BEB4E906-CA09-4F7F-A2D8-8C04E3403C37}.Release|Any CPU.ActiveCfg = Release|Any CPU
		{BEB4E906-CA09-4F7F-A2D8-8C04E3403C37}.Release|Any CPU.Build.0 = Release|Any CPU
		{49B1B8A2-0E5E-4648-9601-8D44595D1F55}.Debug|Any CPU.ActiveCfg = Debug|Any CPU
		{49B1B8A2-0E5E-4648-9601-8D44595D1F55}.Debug|Any CPU.Build.0 = Debug|Any CPU
		{49B1B8A2-0E5E-4648-9601-8D44595D1F55}.Release|Any CPU.ActiveCfg = Release|Any CPU
		{49B1B8A2-0E5E-4648-9601-8D44595D1F55}.Release|Any CPU.Build.0 = Release|Any CPU
		{2C75E41B-ECBA-4DB4-94CB-77A95A597BB0}.Debug|Any CPU.ActiveCfg = Debug|Any CPU
		{2C75E41B-ECBA-4DB4-94CB-77A95A597BB0}.Debug|Any CPU.Build.0 = Debug|Any CPU
		{2C75E41B-ECBA-4DB4-94CB-77A95A597BB0}.Release|Any CPU.ActiveCfg = Release|Any CPU
		{2C75E41B-ECBA-4DB4-94CB-77A95A597BB0}.Release|Any CPU.Build.0 = Release|Any CPU
	EndGlobalSection
	GlobalSection(SolutionProperties) = preSolution
		HideSolutionNode = FALSE
	EndGlobalSection
	GlobalSection(ExtensibilityGlobals) = postSolution
		SolutionGuid = {4F09944E-3810-4B2C-933D-0A7E55748EF2}
	EndGlobalSection
EndGlobal
